{
  "nodes": {
    "crane": {
      "inputs": {
        "flake-compat": "flake-compat",
        "flake-utils": "flake-utils",
        "nixpkgs": [
          "nixpkgs"
        ],
        "rust-overlay": "rust-overlay"
      },
      "locked": {
        "lastModified": 1686621798,
        "narHash": "sha256-FUwWszmSiDzUdTk8f69xwMoYlhdPaLvDaIYOE/y6VXc=",
        "owner": "ipetkov",
        "repo": "crane",
        "rev": "75f7d715f8088f741be9981405f6444e2d49efdd",
        "type": "github"
      },
      "original": {
        "owner": "ipetkov",
        "repo": "crane",
        "type": "github"
      }
    },
    "darwin": {
      "inputs": {
        "nixpkgs": [
          "nixpkgs"
        ]
      },
      "locked": {
        "lastModified": 1686307493,
        "narHash": "sha256-R4VEFnDn7nRmNxAu1LwNbjns5DPM8IBsvnrWmZ8ymPs=",
        "owner": "LnL7",
        "repo": "nix-darwin",
        "rev": "7c16d31383a90e0e72ace0c35d2d66a18f90fb4f",
        "type": "github"
      },
      "original": {
        "owner": "LnL7",
        "repo": "nix-darwin",
        "type": "github"
      }
    },
    "flake-compat": {
      "flake": false,
      "locked": {
        "lastModified": 1673956053,
        "narHash": "sha256-4gtG9iQuiKITOjNQQeQIpoIB6b16fm+504Ch3sNKLd8=",
        "owner": "edolstra",
        "repo": "flake-compat",
        "rev": "35bb57c0c8d8b62bbfd284272c928ceb64ddbde9",
        "type": "github"
      },
      "original": {
        "owner": "edolstra",
        "repo": "flake-compat",
        "type": "github"
      }
    },
    "flake-utils": {
      "inputs": {
        "systems": "systems"
      },
      "locked": {
        "lastModified": 1685518550,
        "narHash": "sha256-o2d0KcvaXzTrPRIo0kOLV0/QXHhDQ5DTi+OxcjO8xqY=",
        "owner": "numtide",
        "repo": "flake-utils",
        "rev": "a1720a10a6cfe8234c0e93907ffe81be440f4cef",
        "type": "github"
      },
      "original": {
        "owner": "numtide",
        "repo": "flake-utils",
        "type": "github"
      }
    },
    "home-manager": {
      "inputs": {
        "nixpkgs": [
          "nixpkgs"
        ]
      },
      "locked": {
        "lastModified": 1686922395,
        "narHash": "sha256-ysevinohPxdKp0RXyhDRsz1/vh1eXazg4AWp0n5X/U4=",
        "owner": "nix-community",
        "repo": "home-manager",
        "rev": "9ba7b3990eb1f4782ea3f5fe7ac4f3c88dd7a32c",
        "type": "github"
      },
      "original": {
        "owner": "nix-community",
        "repo": "home-manager",
        "type": "github"
      }
    },
    "nixos-apple-silicon": {
      "inputs": {
        "nixpkgs": [
          "nixpkgs"
        ],
        "rust-overlay": "rust-overlay_2"
      },
      "locked": {
        "lastModified": 1686889638,
        "narHash": "sha256-fmMniETOJoDolXiGJP8NnwZ/rCNftFYjech7E1Yonsw=",
        "owner": "tpwrules",
        "repo": "nixos-apple-silicon",
        "rev": "002d7e27b1de5885b14c2b2ed3be13c9ad862d23",
        "type": "github"
      },
      "original": {
        "owner": "tpwrules",
        "repo": "nixos-apple-silicon",
        "type": "github"
      }
    },
    "nixpkgs": {
      "locked": {
        "lastModified": 1686976315,
        "narHash": "sha256-HEDT6ThG6LTyhdyoiluEDrh2FMH9sd8pb7Kgiy0hTtw=",
        "owner": "nixos",
        "repo": "nixpkgs",
        "rev": "c06f025ced59c863b80cb85647541fb669ea1776",
        "type": "github"
      },
      "original": {
        "owner": "nixos",
        "ref": "master",
        "repo": "nixpkgs",
        "type": "github"
      }
    },
    "nur": {
      "locked": {
        "lastModified": 1686975066,
        "narHash": "sha256-GU3ymcXMdGl1TOSJgcYH4tNK4o7gzk3v8hgHoJERzQY=",
        "owner": "nix-community",
        "repo": "nur",
        "rev": "b56f4edc61a0c4b982d12268242ef78b7334ccc4",
        "type": "github"
      },
      "original": {
        "owner": "nix-community",
        "repo": "nur",
        "type": "github"
      }
    },
    "nx-dark-reader-src": {
      "flake": false,
      "locked": {
        "lastModified": 1687268881,
        "narHash": "sha256-CKJGCk7ATd0naFhill5rrvay6V2JE4Bstu4tFpaAjB0=",
        "owner": "aartaka",
        "repo": "nx-dark-reader",
        "rev": "57dc1a9482a81d7c15b00c4b9d647bf1b129d8e4",
        "type": "github"
      },
      "original": {
        "owner": "aartaka",
        "repo": "nx-dark-reader",
        "type": "github"
      }
    },
    "nx-search-engines-src": {
      "flake": false,
      "locked": {
        "lastModified": 1686155017,
        "narHash": "sha256-Q+6B3lDzlhfHnS306yLh5LpxdIXESdH/Y2D3GJodbXs=",
        "owner": "aartaka",
        "repo": "nx-search-engines",
        "rev": "f81f47df82f8e322f0a8919d05fc513297095a0b",
        "type": "github"
      },
      "original": {
        "owner": "aartaka",
        "repo": "nx-search-engines",
        "type": "github"
      }
    },
    "root": {
      "inputs": {
        "crane": "crane",
        "darwin": "darwin",
        "home-manager": "home-manager",
        "nixos-apple-silicon": "nixos-apple-silicon",
        "nixpkgs": "nixpkgs",
        "nur": "nur",
        "nx-dark-reader-src": "nx-dark-reader-src",
        "nx-search-engines-src": "nx-search-engines-src"
      }
    },
    "rust-overlay": {
      "inputs": {
        "flake-utils": [
          "crane",
          "flake-utils"
        ],
        "nixpkgs": [
          "crane",
          "nixpkgs"
        ]
      },
      "locked": {
        "lastModified": 1685759304,
        "narHash": "sha256-I3YBH6MS3G5kGzNuc1G0f9uYfTcNY9NYoRc3QsykLk4=",
        "owner": "oxalica",
        "repo": "rust-overlay",
        "rev": "c535b4f3327910c96dcf21851bbdd074d0760290",
        "type": "github"
      },
      "original": {
        "owner": "oxalica",
        "repo": "rust-overlay",
        "type": "github"
      }
    },
    "rust-overlay_2": {
      "flake": false,
      "locked": {
        "lastModified": 1686795910,
        "narHash": "sha256-jDa40qRZ0GRQtP9EMZdf+uCbvzuLnJglTUI2JoHfWDc=",
        "owner": "oxalica",
        "repo": "rust-overlay",
        "rev": "5c2b97c0a9bc5217fc3dfb1555aae0fb756d99f9",
        "type": "github"
      },
      "original": {
        "owner": "oxalica",
        "repo": "rust-overlay",
        "type": "github"
      }
    },
    "systems": {
      "locked": {
        "lastModified": 1681028828,
        "narHash": "sha256-Vy1rq5AaRuLzOxct8nz4T6wlgyUR7zLU309k9mBC768=",
        "owner": "nix-systems",
        "repo": "default",
        "rev": "da67096a3b9bf56a91d16901293e51ba5b49a27e",
        "type": "github"
      },
      "original": {
        "owner": "nix-systems",
        "repo": "default",
        "type": "github"
      }
    }
  },
  "root": "root",
  "version": 7
}
